
Microsoft Visual Studio Solution File, Format Version 12.00
# Visual Studio 14
VisualStudioVersion = 14.0.24720.0
MinimumVisualStudioVersion = 10.0.40219.1
Project("{FAE04EC0-301F-11D3-BF4B-00C04F79EFBC}") = "WebTest", "WebTest\WebTest.csproj", "{15F2341A-327C-498C-A106-2E6187ACEE45}"
EndProject
Project("{FAE04EC0-301F-11D3-BF4B-00C04F79EFBC}") = "CodeTester", "CodeTester\CodeTester.csproj", "{55D93A78-929B-4FC4-8316-35D44445B559}"
EndProject
Project("{FAE04EC0-301F-11D3-BF4B-00C04F79EFBC}") = "DataAccessLayer", "DataAccessLayer\DataAccessLayer.csproj", "{417042AA-D7C0-4B90-8716-DD46CDD4B7A9}"
EndProject
Project("{FAE04EC0-301F-11D3-BF4B-00C04F79EFBC}") = "WebTest.Test", "WebTest.Test\WebTest.Test.csproj", "{B7983727-25AE-47B9-B6F8-05773F93A243}"
EndProject
Global
	GlobalSection(SolutionConfigurationPlatforms) = preSolution
		Debug|Any CPU = Debug|Any CPU
		Release to server|Any CPU = Release to server|Any CPU
		Release|Any CPU = Release|Any CPU
	EndGlobalSection
	GlobalSection(ProjectConfigurationPlatforms) = postSolution
		{15F2341A-327C-498C-A106-2E6187ACEE45}.Debug|Any CPU.ActiveCfg = Debug|Any CPU
		{15F2341A-327C-498C-A106-2E6187ACEE45}.Debug|Any CPU.Build.0 = Debug|Any CPU
		{15F2341A-327C-498C-A106-2E6187ACEE45}.Release to server|Any CPU.ActiveCfg = Release to server|Any CPU
		{15F2341A-327C-498C-A106-2E6187ACEE45}.Release to server|Any CPU.Build.0 = Release to server|Any CPU
		{15F2341A-327C-498C-A106-2E6187ACEE45}.Release|Any CPU.ActiveCfg = Release|Any CPU
		{15F2341A-327C-498C-A106-2E6187ACEE45}.Release|Any CPU.Build.0 = Release|Any CPU
		{55D93A78-929B-4FC4-8316-35D44445B559}.Debug|Any CPU.ActiveCfg = Debug|Any CPU
		{55D93A78-929B-4FC4-8316-35D44445B559}.Debug|Any CPU.Build.0 = Debug|Any CPU
		{55D93A78-929B-4FC4-8316-35D44445B559}.Release to server|Any CPU.ActiveCfg = Release to server|Any CPU
		{55D93A78-929B-4FC4-8316-35D44445B559}.Release to server|Any CPU.Build.0 = Release to server|Any CPU
		{55D93A78-929B-4FC4-8316-35D44445B559}.Release|Any CPU.ActiveCfg = Release|Any CPU
		{55D93A78-929B-4FC4-8316-35D44445B559}.Release|Any CPU.Build.0 = Release|Any CPU
		{417042AA-D7C0-4B90-8716-DD46CDD4B7A9}.Debug|Any CPU.ActiveCfg = Debug|Any CPU
		{417042AA-D7C0-4B90-8716-DD46CDD4B7A9}.Debug|Any CPU.Build.0 = Debug|Any CPU
		{417042AA-D7C0-4B90-8716-DD46CDD4B7A9}.Release to server|Any CPU.ActiveCfg = Release to server|Any CPU
		{417042AA-D7C0-4B90-8716-DD46CDD4B7A9}.Release to server|Any CPU.Build.0 = Release to server|Any CPU
		{417042AA-D7C0-4B90-8716-DD46CDD4B7A9}.Release|Any CPU.ActiveCfg = Release|Any CPU
		{417042AA-D7C0-4B90-8716-DD46CDD4B7A9}.Release|Any CPU.Build.0 = Release|Any CPU
		{B7983727-25AE-47B9-B6F8-05773F93A243}.Debug|Any CPU.ActiveCfg = Debug|Any CPU
		{B7983727-25AE-47B9-B6F8-05773F93A243}.Debug|Any CPU.Build.0 = Debug|Any CPU
		{B7983727-25AE-47B9-B6F8-05773F93A243}.Release to server|Any CPU.ActiveCfg = Release|Any CPU
		{B7983727-25AE-47B9-B6F8-05773F93A243}.Release to server|Any CPU.Build.0 = Release|Any CPU
		{B7983727-25AE-47B9-B6F8-05773F93A243}.Release|Any CPU.ActiveCfg = Release|Any CPU
		{B7983727-25AE-47B9-B6F8-05773F93A243}.Release|Any CPU.Build.0 = Release|Any CPU
	EndGlobalSection
	GlobalSection(SolutionProperties) = preSolution
		HideSolutionNode = FALSE
	EndGlobalSection
EndGlobal
